
Microsoft Visual Studio Solution File, Format Version 12.00
# Visual Studio Version 17
VisualStudioVersion = 17.14.36301.6 d17.14
MinimumVisualStudioVersion = 10.0.40219.1
Project("{FAE04EC0-301F-11D3-BF4B-00C04F79EFBC}") = "OnlineFruitDelivery", "OnlineFruitDelivery.csproj", "{97678AC8-03A8-4E90-A3AA-E564A6B6E09A}"
EndProject
Global
	GlobalSection(SolutionConfigurationPlatforms) = preSolution
		Debug|Any CPU = Debug|Any CPU
		Release|Any CPU = Release|Any CPU
	EndGlobalSection
	GlobalSection(ProjectConfigurationPlatforms) = postSolution
		{97678AC8-03A8-4E90-A3AA-E564A6B6E09A}.Debug|Any CPU.ActiveCfg = Debug|Any CPU
		{97678AC8-03A8-4E90-A3AA-E564A6B6E09A}.Debug|Any CPU.Build.0 = Debug|Any CPU
		{97678AC8-03A8-4E90-A3AA-E564A6B6E09A}.Release|Any CPU.ActiveCfg = Release|Any CPU
		{97678AC8-03A8-4E90-A3AA-E564A6B6E09A}.Release|Any CPU.Build.0 = Release|Any CPU
	EndGlobalSection
	GlobalSection(SolutionProperties) = preSolution
		HideSolutionNode = FALSE
	EndGlobalSection
	GlobalSection(ExtensibilityGlobals) = postSolution
		SolutionGuid = {BE53BCFB-E775-4F54-83AC-01B33B79DF51}
	EndGlobalSection
EndGlobal
